# artifact|version|filename|sha256|url
msopenjdk-11|11.0.32-1|msopenjdk-11_11.0.32-1_amd64.deb|ee8cf54a79360a72833c9170702ed0cb6bfe3a7888e26263ec361521295c5521|https://packages.microsoft.com/ubuntu/22.04/prod/pool/main/m/msopenjdk-11/msopenjdk-11_11.0.32-1_amd64.deb
java-language-extension|1.1.1|java-lang-extension-linux-release.zip|4c39905999bcf0eb3a3f7e35126734c0b2a0f326daf9b3d278686e4cb0bbb83d|https://github.com/microsoft/sql-server-language-extensions/releases/download/Java-v1.1.1/java-lang-extension-linux-release.zip
java-sdk-dataset-source|1.1.1|AbstractSqlServerExtensionDataset.java|90a27a27f29ab1be2145bbba5aa25ac1e3bad947d1d5abe86a37c758e81ea8b9|https://raw.githubusercontent.com/microsoft/sql-server-language-extensions/Java-v1.1.1/language-extensions/java/sdk/src/java/main/java/com/microsoft/sqlserver/javalangextension/AbstractSqlServerExtensionDataset.java
java-sdk-executor-source|1.1.1|AbstractSqlServerExtensionExecutor.java|6e583683286609faa7343e27867a687d6eb76a3f9d8686fbebcc7b420de0337e|https://raw.githubusercontent.com/microsoft/sql-server-language-extensions/Java-v1.1.1/language-extensions/java/sdk/src/java/main/java/com/microsoft/sqlserver/javalangextension/AbstractSqlServerExtensionExecutor.java
java-sdk-primitive-source|1.1.1|PrimitiveDataset.java|98c70afbf333c5752b7811e1b401355555217896d0581f5deee6be5cdd8cc6b3|https://raw.githubusercontent.com/microsoft/sql-server-language-extensions/Java-v1.1.1/language-extensions/java/sdk/src/java/main/java/com/microsoft/sqlserver/javalangextension/PrimitiveDataset.java
