# package|version|filename|sha256|url
numpy|1.22.0|numpy-1.22.0-cp310-cp310-manylinux_2_17_x86_64.manylinux2014_x86_64.whl|a97e82c39d9856fe7d4f9b86d8a1e66eff99cf3a8b7ba48202f659703d27c46f|https://files.pythonhosted.org/packages/5b/9a/cce6992d25096371412f1a58e5c50f144299261d01dfc4c00fd563a589e7/numpy-1.22.0-cp310-cp310-manylinux_2_17_x86_64.manylinux2014_x86_64.whl
pandas|1.4.2|pandas-1.4.2-cp310-cp310-manylinux_2_17_x86_64.manylinux2014_x86_64.whl|5b79af3a69e5175c6fa7b4e046b21a646c8b74e92c6581a9d825687d92071b51|https://files.pythonhosted.org/packages/ab/80/c3def79fb1c8a4c5a91d1efa5f611e81529bbab947ac1e9fcd736fd4dcc3/pandas-1.4.2-cp310-cp310-manylinux_2_17_x86_64.manylinux2014_x86_64.whl
dill|0.3.5.1|dill-0.3.5.1-py2.py3-none-any.whl|33501d03270bbe410c72639b350e941882a8b0fd55357580fbc873fba0c59302|https://files.pythonhosted.org/packages/12/ff/3b1a8f5d59600393506c64fa14d13afdfe6fe79ed65a18d64026fe9f8356/dill-0.3.5.1-py2.py3-none-any.whl
patsy|0.5.2|patsy-0.5.2-py2.py3-none-any.whl|cc80955ae8c13a7e7c4051eda7b277c8f909f50bc7d73e124bc38e2ee3d95041|https://files.pythonhosted.org/packages/87/7f/d37cd027c25145eeba92b1a756976931c831803d92547c8637a3400c339f/patsy-0.5.2-py2.py3-none-any.whl
python-dateutil|2.8.2|python_dateutil-2.8.2-py2.py3-none-any.whl|961d03dc3453ebbc59dbdea9e4e11c5651520a876d0f4db161e8674aae935da9|https://files.pythonhosted.org/packages/36/7a/87837f39d0296e723bb9b62bbb257d0355c7f6128853c78955f57342a56d/python_dateutil-2.8.2-py2.py3-none-any.whl
pytz|2022.1|pytz-2022.1-py2.py3-none-any.whl|e68985985296d9a66a881eb3193b0906246245294a881e7c8afe623866ac6a5c|https://files.pythonhosted.org/packages/60/2e/dec1cc18c51b8df33c7c4d0a321b084cf38e1733b98f9d15018880fb4970/pytz-2022.1-py2.py3-none-any.whl
six|1.16.0|six-1.16.0-py2.py3-none-any.whl|8abb2f1d86890a2dfb989f9a77cfcfd3e47c2a354b01111771326f8aa26e0254|https://files.pythonhosted.org/packages/d9/5a/e7c31adbe875f2abbb91bd84cf2dc52d792b5a01506781dbcf25c91daf11/six-1.16.0-py2.py3-none-any.whl
revoscalepy|10.0.1|revoscalepy-10.0.1-py3-none-any.whl|0afa1edbab44b4af36cbe4d4136d394073548468254d7d8e98a171de8215c6ae|https://aka.ms/sqlml/python3.10/linux/revoscalepy-10.0.1-py3-none-any.whl
